// !$*UTF8*$!
{
	archiveVersion = 1;
	classes = {
	};
	objectVersion = 50;
	objects = {

/* Begin PBXBuildFile section */
		347EF1DD243E756700A97C55 /* AppDelegate.swift in Sources */ = {isa = PBXBuildFile; fileRef = 347EF1DC243E756700A97C55 /* AppDelegate.swift */; };
		347EF1DF243E756700A97C55 /* SceneDelegate.swift in Sources */ = {isa = PBXBuildFile; fileRef = 347EF1DE243E756700A97C55 /* SceneDelegate.swift */; };
		347EF1E4243E756700A97C55 /* Main.storyboard in Resources */ = {isa = PBXBuildFile; fileRef = 347EF1E2243E756700A97C55 /* Main.storyboard */; };
		347EF1E6243E756800A97C55 /* Assets.xcassets in Resources */ = {isa = PBXBuildFile; fileRef = 347EF1E5243E756800A97C55 /* Assets.xcassets */; };
		347EF1E9243E756800A97C55 /* LaunchScreen.storyboard in Resources */ = {isa = PBXBuildFile; fileRef = 347EF1E7243E756800A97C55 /* LaunchScreen.storyboard */; };
		347EF1F6243E7AF600A97C55 /* GameBoardViewController.swift in Sources */ = {isa = PBXBuildFile; fileRef = 347EF1F5243E7AF600A97C55 /* GameBoardViewController.swift */; };
		AC215DB0243E799500933C9B /* GameController.swift in Sources */ = {isa = PBXBuildFile; fileRef = AC215DAF243E799500933C9B /* GameController.swift */; };
		AC215DB3243E861000933C9B /* Player.swift in Sources */ = {isa = PBXBuildFile; fileRef = AC215DB2243E861000933C9B /* Player.swift */; };
/* End PBXBuildFile section */

/* Begin PBXFileReference section */
		3476C2F0243F83CC0060588D /* Herculanum.ttf */ = {isa = PBXFileReference; lastKnownFileType = file; name = Herculanum.ttf; path = ../../../Calculator/Font/Herculanum.ttf; sourceTree = "<group>"; };
		347EF1D9243E756700A97C55 /* TicTacToeWithTheo.app */ = {isa = PBXFileReference; explicitFileType = wrapper.application; includeInIndex = 0; path = TicTacToeWithTheo.app; sourceTree = BUILT_PRODUCTS_DIR; };
		347EF1DC243E756700A97C55 /* AppDelegate.swift */ = {isa = PBXFileReference; lastKnownFileType = sourcecode.swift; path = AppDelegate.swift; sourceTree = "<group>"; };
		347EF1DE243E756700A97C55 /* SceneDelegate.swift */ = {isa = PBXFileReference; lastKnownFileType = sourcecode.swift; path = SceneDelegate.swift; sourceTree = "<group>"; };
		347EF1E3243E756700A97C55 /* Base */ = {isa = PBXFileReference; lastKnownFileType = file.storyboard; name = Base; path = Base.lproj/Main.storyboard; sourceTree = "<group>"; };
		347EF1E5243E756800A97C55 /* Assets.xcassets */ = {isa = PBXFileReference; lastKnownFileType = folder.assetcatalog; path = Assets.xcassets; sourceTree = "<group>"; };
		347EF1E8243E756800A97C55 /* Base */ = {isa = PBXFileReference; lastKnownFileType = file.storyboard; name = Base; path = Base.lproj/LaunchScreen.storyboard; sourceTree = "<group>"; };
		347EF1EA243E756800A97C55 /* Info.plist */ = {isa = PBXFileReference; lastKnownFileType = text.plist.xml; path = Info.plist; sourceTree = "<group>"; };
		347EF1F5243E7AF600A97C55 /* GameBoardViewController.swift */ = {isa = PBXFileReference; lastKnownFileType = sourcecode.swift; path = GameBoardViewController.swift; sourceTree = "<group>"; };
		AC215DAF243E799500933C9B /* GameController.swift */ = {isa = PBXFileReference; lastKnownFileType = sourcecode.swift; name = GameController.swift; path = TicTacToeWithTheo/GameController.swift; sourceTree = SOURCE_ROOT; };
		AC215DB2243E861000933C9B /* Player.swift */ = {isa = PBXFileReference; lastKnownFileType = sourcecode.swift; path = Player.swift; sourceTree = "<group>"; };
/* End PBXFileReference section */

/* Begin PBXFrameworksBuildPhase section */
		347EF1D6243E756700A97C55 /* Frameworks */ = {
			isa = PBXFrameworksBuildPhase;
			buildActionMask = 2147483647;
			files = (
			);
			runOnlyForDeploymentPostprocessing = 0;
		};
/* End PBXFrameworksBuildPhase section */

/* Begin PBXGroup section */
		3476C2EC243F80C20060588D /* Font */ = {
			isa = PBXGroup;
			children = (
				3476C2F0243F83CC0060588D /* Herculanum.ttf */,
			);
			path = Font;
			sourceTree = "<group>";
		};
		347EF1D0243E756700A97C55 = {
			isa = PBXGroup;
			children = (
				347EF1DB243E756700A97C55 /* TicTacToeWithTheo */,
				3476C2EC243F80C20060588D /* Font */,
				347EF1DA243E756700A97C55 /* Products */,
			);
			sourceTree = "<group>";
		};
		347EF1DA243E756700A97C55 /* Products */ = {
			isa = PBXGroup;
			children = (
				347EF1D9243E756700A97C55 /* TicTacToeWithTheo.app */,
			);
			name = Products;
			sourceTree = "<group>";
		};
		347EF1DB243E756700A97C55 /* TicTacToeWithTheo */ = {
			isa = PBXGroup;
			children = (
				347EF1F4243E75D400A97C55 /* View */,
				347EF1F1243E759700A97C55 /* Controllers */,
				AC215DB1243E857100933C9B /* Model */,
				347EF1F0243E758800A97C55 /* Resources */,
			);
			path = TicTacToeWithTheo;
			sourceTree = "<group>";
		};
		347EF1F0243E758800A97C55 /* Resources */ = {
			isa = PBXGroup;
			children = (
				347EF1DC243E756700A97C55 /* AppDelegate.swift */,
				347EF1DE243E756700A97C55 /* SceneDelegate.swift */,
				347EF1E5243E756800A97C55 /* Assets.xcassets */,
				347EF1E7243E756800A97C55 /* LaunchScreen.storyboard */,
				347EF1EA243E756800A97C55 /* Info.plist */,
			);
			path = Resources;
			sourceTree = "<group>";
		};
		347EF1F1243E759700A97C55 /* Controllers */ = {
			isa = PBXGroup;
			children = (
				347EF1F3243E75C800A97C55 /* View Controller */,
				347EF1F2243E75BF00A97C55 /* Model Controller */,
			);
			path = Controllers;
			sourceTree = "<group>";
		};
		347EF1F2243E75BF00A97C55 /* Model Controller */ = {
			isa = PBXGroup;
			children = (
				AC215DAF243E799500933C9B /* GameController.swift */,
			);
			path = "Model Controller";
			sourceTree = "<group>";
		};
		347EF1F3243E75C800A97C55 /* View Controller */ = {
			isa = PBXGroup;
			children = (
				347EF1F5243E7AF600A97C55 /* GameBoardViewController.swift */,
			);
			path = "View Controller";
			sourceTree = "<group>";
		};
		347EF1F4243E75D400A97C55 /* View */ = {
			isa = PBXGroup;
			children = (
				347EF1E2243E756700A97C55 /* Main.storyboard */,
			);
			path = View;
			sourceTree = "<group>";
		};
		AC215DB1243E857100933C9B /* Model */ = {
			isa = PBXGroup;
			children = (
				AC215DB2243E861000933C9B /* Player.swift */,
			);
			path = Model;
			sourceTree = "<group>";
		};
/* End PBXGroup section */

/* Begin PBXNativeTarget section */
		347EF1D8243E756700A97C55 /* TicTacToeWithTheo */ = {
			isa = PBXNativeTarget;
			buildConfigurationList = 347EF1ED243E756800A97C55 /* Build configuration list for PBXNativeTarget "TicTacToeWithTheo" */;
			buildPhases = (
				347EF1D5243E756700A97C55 /* Sources */,
				347EF1D6243E756700A97C55 /* Frameworks */,
				347EF1D7243E756700A97C55 /* Resources */,
			);
			buildRules = (
			);
			dependencies = (
			);
			name = TicTacToeWithTheo;
			productName = TicTacToeWithTheo;
			productReference = 347EF1D9243E756700A97C55 /* TicTacToeWithTheo.app */;
			productType = "com.apple.product-type.application";
		};
/* End PBXNativeTarget section */

/* Begin PBXProject section */
		347EF1D1243E756700A97C55 /* Project object */ = {
			isa = PBXProject;
			attributes = {
				LastSwiftUpdateCheck = 1140;
				LastUpgradeCheck = 1140;
				ORGANIZATIONNAME = Colby_Harris;
				TargetAttributes = {
					347EF1D8243E756700A97C55 = {
						CreatedOnToolsVersion = 11.4;
					};
				};
			};
			buildConfigurationList = 347EF1D4243E756700A97C55 /* Build configuration list for PBXProject "TicTacToeWithTheo" */;
			compatibilityVersion = "Xcode 9.3";
			developmentRegion = en;
			hasScannedForEncodings = 0;
			knownRegions = (
				en,
				Base,
			);
			mainGroup = 347EF1D0243E756700A97C55;
			productRefGroup = 347EF1DA243E756700A97C55 /* Products */;
			projectDirPath = "";
			projectRoot = "";
			targets = (
				347EF1D8243E756700A97C55 /* TicTacToeWithTheo */,
			);
		};
/* End PBXProject section */

/* Begin PBXResourcesBuildPhase section */
		347EF1D7243E756700A97C55 /* Resources */ = {
			isa = PBXResourcesBuildPhase;
			buildActionMask = 2147483647;
			files = (
				347EF1E9243E756800A97C55 /* LaunchScreen.storyboard in Resources */,
				347EF1E6243E756800A97C55 /* Assets.xcassets in Resources */,
				347EF1E4243E756700A97C55 /* Main.storyboard in Resources */,
			);
			runOnlyForDeploymentPostprocessing = 0;
		};
/* End PBXResourcesBuildPhase section */

/* Begin PBXSourcesBuildPhase section */
		347EF1D5243E756700A97C55 /* Sources */ = {
			isa = PBXSourcesBuildPhase;
			buildActionMask = 2147483647;
			files = (
				AC215DB3243E861000933C9B /* Player.swift in Sources */,
				347EF1DD243E756700A97C55 /* AppDelegate.swift in Sources */,
				AC215DB0243E799500933C9B /* GameController.swift in Sources */,
				347EF1DF243E756700A97C55 /* SceneDelegate.swift in Sources */,
				347EF1F6243E7AF600A97C55 /* GameBoardViewController.swift in Sources */,
			);
			runOnlyForDeploymentPostprocessing = 0;
		};
/* End PBXSourcesBuildPhase section */

/* Begin PBXVariantGroup section */
		347EF1E2243E756700A97C55 /* Main.storyboard */ = {
			isa = PBXVariantGroup;
			children = (
				347EF1E3243E756700A97C55 /* Base */,
			);
			name = Main.storyboard;
			sourceTree = "<group>";
		};
		347EF1E7243E756800A97C55 /* LaunchScreen.storyboard */ = {
			isa = PBXVariantGroup;
			children = (
				347EF1E8243E756800A97C55 /* Base */,
			);
			name = LaunchScreen.storyboard;
			sourceTree = "<group>";
		};
/* End PBXVariantGroup section */

/* Begin XCBuildConfiguration section */
		347EF1EB243E756800A97C55 /* Debug */ = {
			isa = XCBuildConfiguration;
			buildSettings = {
				ALWAYS_SEARCH_USER_PATHS = NO;
				CLANG_ANALYZER_NONNULL = YES;
				CLANG_ANALYZER_NUMBER_OBJECT_CONVERSION = YES_AGGRESSIVE;
				CLANG_CXX_LANGUAGE_STANDARD = "gnu++14";
				CLANG_CXX_LIBRARY = "libc++";
				CLANG_ENABLE_MODULES = YES;
				CLANG_ENABLE_OBJC_ARC = YES;
				CLANG_ENABLE_OBJC_WEAK = YES;
				CLANG_WARN_BLOCK_CAPTURE_AUTORELEASING = YES;
				CLANG_WARN_BOOL_CONVERSION = YES;
				CLANG_WARN_COMMA = YES;
				CLANG_WARN_CONSTANT_CONVERSION = YES;
				CLANG_WARN_DEPRECATED_OBJC_IMPLEMENTATIONS = YES;
				CLANG_WARN_DIRECT_OBJC_ISA_USAGE = YES_ERROR;
				CLANG_WARN_DOCUMENTATION_COMMENTS = YES;
				CLANG_WARN_EMPTY_BODY = YES;
				CLANG_WARN_ENUM_CONVERSION = YES;
				CLANG_WARN_INFINITE_RECURSION = YES;
				CLANG_WARN_INT_CONVERSION = YES;
				CLANG_WARN_NON_LITERAL_NULL_CONVERSION = YES;
				CLANG_WARN_OBJC_IMPLICIT_RETAIN_SELF = YES;
				CLANG_WARN_OBJC_LITERAL_CONVERSION = YES;
				CLANG_WARN_OBJC_ROOT_CLASS = YES_ERROR;
				CLANG_WARN_RANGE_LOOP_ANALYSIS = YES;
				CLANG_WARN_STRICT_PROTOTYPES = YES;
				CLANG_WARN_SUSPICIOUS_MOVE = YES;
				CLANG_WARN_UNGUARDED_AVAILABILITY = YES_AGGRESSIVE;
				CLANG_WARN_UNREACHABLE_CODE = YES;
				CLANG_WARN__DUPLICATE_METHOD_MATCH = YES;
				COPY_PHASE_STRIP = NO;
				DEBUG_INFORMATION_FORMAT = dwarf;
				ENABLE_STRICT_OBJC_MSGSEND = YES;
				ENABLE_TESTABILITY = YES;
				GCC_C_LANGUAGE_STANDARD = gnu11;
				GCC_DYNAMIC_NO_PIC = NO;
				GCC_NO_COMMON_BLOCKS = YES;
				GCC_OPTIMIZATION_LEVEL = 0;
				GCC_PREPROCESSOR_DEFINITIONS = (
					"DEBUG=1",
					"$(inherited)",
				);
				GCC_WARN_64_TO_32_BIT_CONVERSION = YES;
				GCC_WARN_ABOUT_RETURN_TYPE = YES_ERROR;
				GCC_WARN_UNDECLARED_SELECTOR = YES;
				GCC_WARN_UNINITIALIZED_AUTOS = YES_AGGRESSIVE;
				GCC_WARN_UNUSED_FUNCTION = YES;
				GCC_WARN_UNUSED_VARIABLE = YES;
				IPHONEOS_DEPLOYMENT_TARGET = 13.4;
				MTL_ENABLE_DEBUG_INFO = INCLUDE_SOURCE;
				MTL_FAST_MATH = YES;
				ONLY_ACTIVE_ARCH = YES;
				SDKROOT = iphoneos;
				SWIFT_ACTIVE_COMPILATION_CONDITIONS = DEBUG;
				SWIFT_OPTIMIZATION_LEVEL = "-Onone";
			};
			name = Debug;
		};
		347EF1EC243E756800A97C55 /* Release */ = {
			isa = XCBuildConfiguration;
			buildSettings = {
				ALWAYS_SEARCH_USER_PATHS = NO;
				CLANG_ANALYZER_NONNULL = YES;
				CLANG_ANALYZER_NUMBER_OBJECT_CONVERSION = YES_AGGRESSIVE;
				CLANG_CXX_LANGUAGE_STANDARD = "gnu++14";
				CLANG_CXX_LIBRARY = "libc++";
				CLANG_ENABLE_MODULES = YES;
				CLANG_ENABLE_OBJC_ARC = YES;
				CLANG_ENABLE_OBJC_WEAK = YES;
				CLANG_WARN_BLOCK_CAPTURE_AUTORELEASING = YES;
				CLANG_WARN_BOOL_CONVERSION = YES;
				CLANG_WARN_COMMA = YES;
				CLANG_WARN_CONSTANT_CONVERSION = YES;
				CLANG_WARN_DEPRECATED_OBJC_IMPLEMENTATIONS = YES;
				CLANG_WARN_DIRECT_OBJC_ISA_USAGE = YES_ERROR;
				CLANG_WARN_DOCUMENTATION_COMMENTS = YES;
				CLANG_WARN_EMPTY_BODY = YES;
				CLANG_WARN_ENUM_CONVERSION = YES;
				CLANG_WARN_INFINITE_RECURSION = YES;
				CLANG_WARN_INT_CONVERSION = YES;
				CLANG_WARN_NON_LITERAL_NULL_CONVERSION = YES;
				CLANG_WARN_OBJC_IMPLICIT_RETAIN_SELF = YES;
				CLANG_WARN_OBJC_LITERAL_CONVERSION = YES;
				CLANG_WARN_OBJC_ROOT_CLASS = YES_ERROR;
				CLANG_WARN_RANGE_LOOP_ANALYSIS = YES;
				CLANG_WARN_STRICT_PROTOTYPES = YES;
				CLANG_WARN_SUSPICIOUS_MOVE = YES;
				CLANG_WARN_UNGUARDED_AVAILABILITY = YES_AGGRESSIVE;
				CLANG_WARN_UNREACHABLE_CODE = YES;
				CLANG_WARN__DUPLICATE_METHOD_MATCH = YES;
				COPY_PHASE_STRIP = NO;
				DEBUG_INFORMATION_FORMAT = "dwarf-with-dsym";
				ENABLE_NS_ASSERTIONS = NO;
				ENABLE_STRICT_OBJC_MSGSEND = YES;
				GCC_C_LANGUAGE_STANDARD = gnu11;
				GCC_NO_COMMON_BLOCKS = YES;
				GCC_WARN_64_TO_32_BIT_CONVERSION = YES;
				GCC_WARN_ABOUT_RETURN_TYPE = YES_ERROR;
				GCC_WARN_UNDECLARED_SELECTOR = YES;
				GCC_WARN_UNINITIALIZED_AUTOS = YES_AGGRESSIVE;
				GCC_WARN_UNUSED_FUNCTION = YES;
				GCC_WARN_UNUSED_VARIABLE = YES;
				IPHONEOS_DEPLOYMENT_TARGET = 13.4;
				MTL_ENABLE_DEBUG_INFO = NO;
				MTL_FAST_MATH = YES;
				SDKROOT = iphoneos;
				SWIFT_COMPILATION_MODE = wholemodule;
				SWIFT_OPTIMIZATION_LEVEL = "-O";
				VALIDATE_PRODUCT = YES;
			};
			name = Release;
		};
		347EF1EE243E756800A97C55 /* Debug */ = {
			isa = XCBuildConfiguration;
			buildSettings = {
				ASSETCATALOG_COMPILER_APPICON_NAME = AppIcon;
				CODE_SIGN_STYLE = Automatic;
				DEVELOPMENT_TEAM = ZJLVU28L56;
				INFOPLIST_FILE = TicTacToeWithTheo/Resources/Info.plist;
				LD_RUNPATH_SEARCH_PATHS = (
					"$(inherited)",
					"@executable_path/Frameworks",
				);
				PRODUCT_BUNDLE_IDENTIFIER = "com.Colby-Harris.TicTacToeWithTheo";
				PRODUCT_NAME = "$(TARGET_NAME)";
				SWIFT_VERSION = 5.0;
				TARGETED_DEVICE_FAMILY = "1,2";
			};
			name = Debug;
		};
		347EF1EF243E756800A97C55 /* Release */ = {
			isa = XCBuildConfiguration;
			buildSettings = {
				ASSETCATALOG_COMPILER_APPICON_NAME = AppIcon;
				CODE_SIGN_STYLE = Automatic;
				DEVELOPMENT_TEAM = ZJLVU28L56;
				INFOPLIST_FILE = TicTacToeWithTheo/Resources/Info.plist;
				LD_RUNPATH_SEARCH_PATHS = (
					"$(inherited)",
					"@executable_path/Frameworks",
				);
				PRODUCT_BUNDLE_IDENTIFIER = "com.Colby-Harris.TicTacToeWithTheo";
				PRODUCT_NAME = "$(TARGET_NAME)";
				SWIFT_VERSION = 5.0;
				TARGETED_DEVICE_FAMILY = "1,2";
			};
			name = Release;
		};
/* End XCBuildConfiguration section */

/* Begin XCConfigurationList section */
		347EF1D4243E756700A97C55 /* Build configuration list for PBXProject "TicTacToeWithTheo" */ = {
			isa = XCConfigurationList;
			buildConfigurations = (
				347EF1EB243E756800A97C55 /* Debug */,
				347EF1EC243E756800A97C55 /* Release */,
			);
			defaultConfigurationIsVisible = 0;
			defaultConfigurationName = Release;
		};
		347EF1ED243E756800A97C55 /* Build configuration list for PBXNativeTarget "TicTacToeWithTheo" */ = {
			isa = XCConfigurationList;
			buildConfigurations = (
				347EF1EE243E756800A97C55 /* Debug */,
				347EF1EF243E756800A97C55 /* Release */,
			);
			defaultConfigurationIsVisible = 0;
			defaultConfigurationName = Release;
		};
/* End XCConfigurationList section */
	};
	rootObject = 347EF1D1243E756700A97C55 /* Project object */;
}
